
Microsoft Visual Studio Solution File, Format Version 12.00
# Visual Studio 14
VisualStudioVersion = 14.0.25420.1
MinimumVisualStudioVersion = 10.0.40219.1
Project("{FAE04EC0-301F-11D3-BF4B-00C04F79EFBC}") = "Практика11", "Практика11\Практика11.csproj", "{DA1F2230-A4B8-491A-A4BF-17EBE75C8012}"
EndProject
Project("{FAE04EC0-301F-11D3-BF4B-00C04F79EFBC}") = "Тестирование11", "Тестирование11\Тестирование11.csproj", "{FB17D1C3-87CA-4CB7-BB3D-2A2053D33549}"
EndProject
Global
	GlobalSection(SolutionConfigurationPlatforms) = preSolution
		Debug|Any CPU = Debug|Any CPU
		Release|Any CPU = Release|Any CPU
	EndGlobalSection
	GlobalSection(ProjectConfigurationPlatforms) = postSolution
		{DA1F2230-A4B8-491A-A4BF-17EBE75C8012}.Debug|Any CPU.ActiveCfg = Debug|Any CPU
		{DA1F2230-A4B8-491A-A4BF-17EBE75C8012}.Debug|Any CPU.Build.0 = Debug|Any CPU
		{DA1F2230-A4B8-491A-A4BF-17EBE75C8012}.Release|Any CPU.ActiveCfg = Release|Any CPU
		{DA1F2230-A4B8-491A-A4BF-17EBE75C8012}.Release|Any CPU.Build.0 = Release|Any CPU
		{FB17D1C3-87CA-4CB7-BB3D-2A2053D33549}.Debug|Any CPU.ActiveCfg = Debug|Any CPU
		{FB17D1C3-87CA-4CB7-BB3D-2A2053D33549}.Debug|Any CPU.Build.0 = Debug|Any CPU
		{FB17D1C3-87CA-4CB7-BB3D-2A2053D33549}.Release|Any CPU.ActiveCfg = Release|Any CPU
		{FB17D1C3-87CA-4CB7-BB3D-2A2053D33549}.Release|Any CPU.Build.0 = Release|Any CPU
	EndGlobalSection
	GlobalSection(SolutionProperties) = preSolution
		HideSolutionNode = FALSE
	EndGlobalSection
EndGlobal
